
Microsoft Visual Studio Solution File, Format Version 12.00
# Visual Studio Version 17
VisualStudioVersion = 17.2.32630.192
MinimumVisualStudioVersion = 10.0.40219.1
Project("{FAE04EC0-301F-11D3-BF4B-00C04F79EFBC}") = "QLDSV", "QLDSV\QLDSV.csproj", "{1FA50E10-0890-4C00-AED7-F201E77AC52B}"
EndProject
Global
	GlobalSection(SolutionConfigurationPlatforms) = preSolution
		Debug|Any CPU = Debug|Any CPU
		Release|Any CPU = Release|Any CPU
	EndGlobalSection
	GlobalSection(ProjectConfigurationPlatforms) = postSolution
		{1FA50E10-0890-4C00-AED7-F201E77AC52B}.Debug|Any CPU.ActiveCfg = Debug|Any CPU
		{1FA50E10-0890-4C00-AED7-F201E77AC52B}.Debug|Any CPU.Build.0 = Debug|Any CPU
		{1FA50E10-0890-4C00-AED7-F201E77AC52B}.Release|Any CPU.ActiveCfg = Release|Any CPU
		{1FA50E10-0890-4C00-AED7-F201E77AC52B}.Release|Any CPU.Build.0 = Release|Any CPU
	EndGlobalSection
	GlobalSection(SolutionProperties) = preSolution
		HideSolutionNode = FALSE
	EndGlobalSection
	GlobalSection(ExtensibilityGlobals) = postSolution
		SolutionGuid = {9AEB2A98-C226-4158-B618-914151CF245E}
	EndGlobalSection
EndGlobal
